
Microsoft Visual Studio Solution File, Format Version 12.00
# Visual Studio 15
VisualStudioVersion = 15.0.27703.2000
MinimumVisualStudioVersion = 10.0.40219.1
Project("{FAE04EC0-301F-11D3-BF4B-00C04F79EFBC}") = "Dimension", "Middleware\Dimension.csproj", "{24A8CD60-45D8-4DB9-9E86-0C13D3CFCDEB}"
EndProject
Global
	GlobalSection(SolutionConfigurationPlatforms) = preSolution
		Debug|Any CPU = Debug|Any CPU
		Release|Any CPU = Release|Any CPU
	EndGlobalSection
	GlobalSection(ProjectConfigurationPlatforms) = postSolution
		{24A8CD60-45D8-4DB9-9E86-0C13D3CFCDEB}.Debug|Any CPU.ActiveCfg = Debug|Any CPU
		{24A8CD60-45D8-4DB9-9E86-0C13D3CFCDEB}.Debug|Any CPU.Build.0 = Debug|Any CPU
		{24A8CD60-45D8-4DB9-9E86-0C13D3CFCDEB}.Release|Any CPU.ActiveCfg = Release|Any CPU
		{24A8CD60-45D8-4DB9-9E86-0C13D3CFCDEB}.Release|Any CPU.Build.0 = Release|Any CPU
	EndGlobalSection
	GlobalSection(SolutionProperties) = preSolution
		HideSolutionNode = FALSE
	EndGlobalSection
	GlobalSection(ExtensibilityGlobals) = postSolution
		SolutionGuid = {839159DC-3506-4690-ACB1-AD6EA821E4E1}
	EndGlobalSection
EndGlobal
